
Microsoft Visual Studio Solution File, Format Version 12.00
# Visual Studio Version 17
VisualStudioVersion = 17.7.34031.279
MinimumVisualStudioVersion = 10.0.40219.1
Project("{FAE04EC0-301F-11D3-BF4B-00C04F79EFBC}") = "Module11Exercise1", "Module11Exercise1\Module11Exercise1.csproj", "{1CA3008B-D469-4107-B174-F2FA9CB0F59B}"
EndProject
Global
	GlobalSection(SolutionConfigurationPlatforms) = preSolution
		Debug|Any CPU = Debug|Any CPU
		Release|Any CPU = Release|Any CPU
	EndGlobalSection
	GlobalSection(ProjectConfigurationPlatforms) = postSolution
		{1CA3008B-D469-4107-B174-F2FA9CB0F59B}.Debug|Any CPU.ActiveCfg = Debug|Any CPU
		{1CA3008B-D469-4107-B174-F2FA9CB0F59B}.Debug|Any CPU.Build.0 = Debug|Any CPU
		{1CA3008B-D469-4107-B174-F2FA9CB0F59B}.Release|Any CPU.ActiveCfg = Release|Any CPU
		{1CA3008B-D469-4107-B174-F2FA9CB0F59B}.Release|Any CPU.Build.0 = Release|Any CPU
	EndGlobalSection
	GlobalSection(SolutionProperties) = preSolution
		HideSolutionNode = FALSE
	EndGlobalSection
	GlobalSection(ExtensibilityGlobals) = postSolution
		SolutionGuid = {9AAA89FD-2502-4B93-A2D2-B9D4760F1317}
	EndGlobalSection
EndGlobal
